version = 1
revision = 3
requires-python = ">=3.14"

[options]
exclude-newer = "2026-03-28T04:02:13.127738Z"
exclude-newer-span = "P7D"

[[package]]
name = "appdirs"
version = "1.4.4"
source = { registry = "https://pypi.org/simple" }
sdist = { url = "https://files.pythonhosted.org/packages/d7/d8/05696357e0311f5b5c316d7b95f46c669dd9c15aaeecbb48c7d0aeb88c40/appdirs-1.4.4.tar.gz", hash = "sha256:7d5d0167b2b1ba821647616af46a749d1c653740dd0d2415100fe26e27afdf41", size = 13470, upload-time = "2020-05-11T07:59:51.037Z" }
wheels = [
    { url = "https://files.pythonhosted.org/packages/3b/00/2344469e2084fb287c2e0b57b72910309874c3245463acd6cf5e3db69324/appdirs-1.4.4-py2.py3-none-any.whl", hash = "sha256:a841dacd6b99318a741b166adb07e19ee71a274450e68237b4650ca1055ab128", size = 9566, upload-time = "2020-05-11T07:59:49.499Z" },
]

[[package]]
name = "argcomplete"
version = "3.6.3"
source = { registry = "https://pypi.org/simple" }
sdist = { url = "https://files.pythonhosted.org/packages/38/61/0b9ae6399dd4a58d8c1b1dc5a27d6f2808023d0b5dd3104bb99f45a33ff6/argcomplete-3.6.3.tar.gz", hash = "sha256:62e8ed4fd6a45864acc8235409461b72c9a28ee785a2011cc5eb78318786c89c", size = 73754, upload-time = "2025-10-20T03:33:34.741Z" }
wheels = [
    { url = "https://files.pythonhosted.org/packages/74/f5/9373290775639cb67a2fce7f629a1c240dce9f12fe927bc32b2736e16dfc/argcomplete-3.6.3-py3-none-any.whl", hash = "sha256:f5007b3a600ccac5d25bbce33089211dfd49eab4a7718da3f10e3082525a92ce", size = 43846, upload-time = "2025-10-20T03:33:33.021Z" },
]

[[package]]
name = "bleak"
version = "3.0.1"
source = { registry = "https://pypi.org/simple" }
dependencies = [
    { name = "dbus-fast", marker = "sys_platform == 'linux'" },
    { name = "pyobjc-core", marker = "sys_platform == 'darwin'" },
    { name = "pyobjc-framework-corebluetooth", marker = "sys_platform == 'darwin'" },
    { name = "pyobjc-framework-libdispatch", marker = "sys_platform == 'darwin'" },
    { name = "winrt-runtime", marker = "sys_platform == 'win32'" },
    { name = "winrt-windows-devices-bluetooth", marker = "sys_platform == 'win32'" },
    { name = "winrt-windows-devices-bluetooth-advertisement", marker = "sys_platform == 'win32'" },
    { name = "winrt-windows-devices-bluetooth-genericattributeprofile", marker = "sys_platform == 'win32'" },
    { name = "winrt-windows-devices-enumeration", marker = "sys_platform == 'win32'" },
    { name = "winrt-windows-devices-radios", marker = "sys_platform == 'win32'" },
    { name = "winrt-windows-foundation", marker = "sys_platform == 'win32'" },
    { name = "winrt-windows-foundation-collections", marker = "sys_platform == 'win32'" },
    { name = "winrt-windows-storage-streams", marker = "sys_platform == 'win32'" },
]
sdist = { url = "https://files.pythonhosted.org/packages/87/9f/dd19d92309e4a37823210827f0f42460e69603254309b99499622b511294/bleak-3.0.1.tar.gz", hash = "sha256:c8ff077519f8c30a972fd0d22f47a54b981184b2f2a0886d02e55acadbc1045d", size = 124162, upload-time = "2026-03-25T15:43:01.769Z" }
wheels = [
    { url = "https://files.pythonhosted.org/packages/d2/9c/839e4ff0393070396c656fa6616d0d2512f60b571c1263183e709db1c365/bleak-3.0.1-py3-none-any.whl", hash = "sha256:49f93f24ce96610529842da2d9856e7f46597e25966c0f1cfc737f0191566de6", size = 144735, upload-time = "2026-03-25T15:43:00.285Z" },
]

[[package]]
name = "colorama"
version = "0.4.6"
source = { registry = "https://pypi.org/simple" }
sdist = { url = "https://files.pythonhosted.org/packages/d8/53/6f443c9a4a8358a93a6792e2acffb9d9d5cb0a5cfd8802644b7b1c9a02e4/colorama-0.4.6.tar.gz", hash = "sha256:08695f5cb7ed6e0531a20572697297273c47b8cae5a63ffc6d6ed5c201be6e44", size = 27697, upload-time = "2022-10-25T02:36:22.414Z" }
wheels = [
    { url = "https://files.pythonhosted.org/packages/d1/d6/3965ed04c63042e047cb6a3e6ed1a63a35087b6a609aa3a15ed8ac56c221/colorama-0.4.6-py2.py3-none-any.whl", hash = "sha256:4f1d9991f5acc0ca119f9d443620b77f9d6b33703e51011c16baf57afb285fc6", size = 25335, upload-time = "2022-10-25T02:36:20.889Z" },
]

[[package]]
name = "dbus-fast"
version = "4.0.0"
source = { registry = "https://pypi.org/simple" }
sdist = { url = "https://files.pythonhosted.org/packages/3d/f7/36515d10e85ab6d6193edbabbcae974c25d6fbabb8ead84cfd2b4ee8eaf6/dbus_fast-4.0.0.tar.gz", hash = "sha256:e1d3ee49a4a81524d7caaa2d5a31fc71075a1c977b661df958cee24bef86b8fe", size = 75082, upload-time = "2026-02-01T20:56:27.85Z" }
wheels = [
    { url = "https://files.pythonhosted.org/packages/f0/c5/5fee1e5d59b2856db9da8372c67ed7699b262108a4540d5858f34a67699f/dbus_fast-4.0.0-cp314-cp314-manylinux2014_aarch64.manylinux_2_17_aarch64.manylinux_2_28_aarch64.whl", hash = "sha256:9e53d7e19d2433f2ca1d811856e4b80a3b3126f361703e5caf6e7f086a03b994", size = 804142, upload-time = "2026-02-01T21:05:33.5Z" },
    { url = "https://files.pythonhosted.org/packages/37/3e/91a9339278ccee8be93df337c69703dd9d3f5b8fc97dadb2f8a3ff06f6c0/dbus_fast-4.0.0-cp314-cp314-manylinux2014_x86_64.manylinux_2_17_x86_64.manylinux_2_28_x86_64.whl", hash = "sha256:6b430760c925e0b695b6f1a3f21f6e57954807cab4704a3bc4bc5f311261016b", size = 846011, upload-time = "2026-02-01T21:05:34.875Z" },
    { url = "https://files.pythonhosted.org/packages/34/bf/bab415e523fc67a3b1d246a677dcac1198b5cf4d89ae594b2b25b71c02c7/dbus_fast-4.0.0-cp314-cp314-manylinux_2_41_x86_64.whl", hash = "sha256:2818d76da8291202779fe8cb23edc62488786eee791f332c2c40350552288d8b", size = 844116, upload-time = "2026-02-01T20:56:26.447Z" },
    { url = "https://files.pythonhosted.org/packages/d4/c8/5cc517508d102242656c06acb3980decd243e56470f9cb51dc736a9197ef/dbus_fast-4.0.0-cp314-cp314-musllinux_1_2_aarch64.whl", hash = "sha256:0b2aaf80991734e2bbff60b0f57b70322668acccb8bb15a0380ca80b8f8c5d72", size = 810621, upload-time = "2026-02-01T21:05:36.208Z" },
    { url = "https://files.pythonhosted.org/packages/47/84/686bd523c9966bbd9c0705984782fcb33d3a2aae75a2ebbb34b37aca1f3b/dbus_fast-4.0.0-cp314-cp314-musllinux_1_2_x86_64.whl", hash = "sha256:93a864c9e39ab03988c95e2cd9368a4b6560887d53a197037dfc73e7d966b690", size = 853111, upload-time = "2026-02-01T21:05:37.775Z" },
    { url = "https://files.pythonhosted.org/packages/9e/2d/26a2a2120c32bf6a61b81a19d7d20cd440c79f1c4679b04af85af93bc0e4/dbus_fast-4.0.0-cp314-cp314t-manylinux2014_aarch64.manylinux_2_17_aarch64.manylinux_2_28_aarch64.whl", hash = "sha256:c71b369f8fd743c0d03e5fd566ff5d886cb5ad7f3d187f36185a372096a2a096", size = 1534384, upload-time = "2026-02-01T21:05:41.636Z" },
    { url = "https://files.pythonhosted.org/packages/d0/53/916c2bbb6601108f694b7c37c71c650ef8d06c2ed282a704b5c8cca67edf/dbus_fast-4.0.0-cp314-cp314t-manylinux2014_x86_64.manylinux_2_17_x86_64.manylinux_2_28_x86_64.whl", hash = "sha256:ffc16ee344e68a907a40327074bca736086897f2e783541086eedb5e6855f3f0", size = 1610347, upload-time = "2026-02-01T21:05:43.086Z" },
    { url = "https://files.pythonhosted.org/packages/ad/f6/05eeb374a02f63b0e29b1ee2073569e8cf42f655970a651f938bcdbe7eae/dbus_fast-4.0.0-cp314-cp314t-musllinux_1_2_aarch64.whl", hash = "sha256:1f8f4b0f8af730c39bbb83de1e299e706fbd7f7f3955764471213b013fa59516", size = 1549395, upload-time = "2026-02-01T21:05:45.159Z" },
    { url = "https://files.pythonhosted.org/packages/a4/87/d03a718e7bfdbbebaa4b6a66ba5bb069bc00a84e5ad176d8198cc785cd42/dbus_fast-4.0.0-cp314-cp314t-musllinux_1_2_x86_64.whl", hash = "sha256:f6af190d8306f1bd506740c39701f5c211aa31ac660a3fcb401ebb97d33166c7", size = 1627620, upload-time = "2026-02-01T21:05:46.878Z" },
]

[[package]]
name = "debugpy"
version = "1.8.20"
source = { registry = "https://pypi.org/simple" }
sdist = { url = "https://files.pythonhosted.org/packages/e0/b7/cd8080344452e4874aae67c40d8940e2b4d47b01601a8fd9f44786c757c7/debugpy-1.8.20.tar.gz", hash = "sha256:55bc8701714969f1ab89a6d5f2f3d40c36f91b2cbe2f65d98bf8196f6a6a2c33", size = 1645207, upload-time = "2026-01-29T23:03:28.199Z" }
wheels = [
    { url = "https://files.pythonhosted.org/packages/33/2e/f6cb9a8a13f5058f0a20fe09711a7b726232cd5a78c6a7c05b2ec726cff9/debugpy-1.8.20-cp314-cp314-macosx_15_0_universal2.whl", hash = "sha256:9c74df62fc064cd5e5eaca1353a3ef5a5d50da5eb8058fcef63106f7bebe6173", size = 2538066, upload-time = "2026-01-29T23:03:54.999Z" },
    { url = "https://files.pythonhosted.org/packages/c5/56/6ddca50b53624e1ca3ce1d1e49ff22db46c47ea5fb4c0cc5c9b90a616364/debugpy-1.8.20-cp314-cp314-manylinux_2_34_x86_64.whl", hash = "sha256:077a7447589ee9bc1ff0cdf443566d0ecf540ac8aa7333b775ebcb8ce9f4ecad", size = 4269425, upload-time = "2026-01-29T23:03:56.518Z" },
    { url = "https://files.pythonhosted.org/packages/c5/d9/d64199c14a0d4c476df46c82470a3ce45c8d183a6796cfb5e66533b3663c/debugpy-1.8.20-cp314-cp314-win32.whl", hash = "sha256:352036a99dd35053b37b7803f748efc456076f929c6a895556932eaf2d23b07f", size = 5331407, upload-time = "2026-01-29T23:03:58.481Z" },
    { url = "https://files.pythonhosted.org/packages/e0/d9/1f07395b54413432624d61524dfd98c1a7c7827d2abfdb8829ac92638205/debugpy-1.8.20-cp314-cp314-win_amd64.whl", hash = "sha256:a98eec61135465b062846112e5ecf2eebb855305acc1dfbae43b72903b8ab5be", size = 5372521, upload-time = "2026-01-29T23:03:59.864Z" },
    { url = "https://files.pythonhosted.org/packages/e0/c3/7f67dea8ccf8fdcb9c99033bbe3e90b9e7395415843accb81428c441be2d/debugpy-1.8.20-py2.py3-none-any.whl", hash = "sha256:5be9bed9ae3be00665a06acaa48f8329d2b9632f15fd09f6a9a8c8d9907e54d7", size = 5337658, upload-time = "2026-01-29T23:04:17.404Z" },
]

[[package]]
name = "hidapi"
version = "0.15.0"
source = { registry = "https://pypi.org/simple" }
sdist = { url = "https://files.pythonhosted.org/packages/74/f6/caad9ed701fbb9223eb9e0b41a5514390769b4cb3084a2704ab69e9df0fe/hidapi-0.15.0.tar.gz", hash = "sha256:ecbc265cbe8b7b88755f421e0ba25f084091ec550c2b90ff9e8ddd4fcd540311", size = 184995, upload-time = "2025-12-09T09:48:54.129Z" }
wheels = [
    { url = "https://files.pythonhosted.org/packages/0a/65/e9c70deb396f5baea92cd2ea7803914a55d455c3982367bae4390483e6cc/hidapi-0.15.0-cp314-cp314-macosx_10_15_x86_64.whl", hash = "sha256:0a6bb079bcd5152dd8968893aecdcbde3954b849896078f54df2254c0d1f301e", size = 69532, upload-time = "2025-12-09T09:45:55.269Z" },
    { url = "https://files.pythonhosted.org/packages/05/eb/d006a7e28ec63b5db76340e4aca6ff077ad336f8fbe64ac804b968927011/hidapi-0.15.0-cp314-cp314-macosx_11_0_arm64.whl", hash = "sha256:d80c745d285dfc9889e856226daa8eee6f9e83025ef2cb97e5fe0b1396f7818a", size = 69350, upload-time = "2025-12-09T09:45:56.695Z" },
    { url = "https://files.pythonhosted.org/packages/52/2b/95e7595eb61982c651ed2b3ecd9bae05a0298b668c801a992e4e814b22f2/hidapi-0.15.0-cp314-cp314-manylinux2014_x86_64.manylinux_2_17_x86_64.whl", hash = "sha256:b0f4411fd479345ca86742d9dda77200476a902749d8e47ed438f31ec98af418", size = 1065210, upload-time = "2025-12-09T09:46:02.484Z" },
    { url = "https://files.pythonhosted.org/packages/c7/a5/0344a7c223c3610510ec7f91f7220b0e5852c92d52aff23377f1c2888880/hidapi-0.15.0-cp314-cp314-manylinux_2_28_aarch64.whl", hash = "sha256:d93f7173dcbec61b928f4cf800bf26535f81ef3b7bd89199237207f6ca7e4f43", size = 1610362, upload-time = "2025-12-09T09:45:58.533Z" },
    { url = "https://files.pythonhosted.org/packages/d9/96/781212cf852705bc1db26edd4340b01b9ce04cadd5d327c00b64f7324978/hidapi-0.15.0-cp314-cp314-manylinux_2_28_i686.whl", hash = "sha256:dacf0b9e5d776fde69b92d68c09ab878a09486629e1fe8e6ae851252b0f33ce5", size = 1680942, upload-time = "2025-12-09T09:46:00.971Z" },
    { url = "https://files.pythonhosted.org/packages/d1/48/6d51a37d3a81355740a82cd265d4fc8485a0a279e4b545cbf790bd106f51/hidapi-0.15.0-cp314-cp314-musllinux_1_2_aarch64.whl", hash = "sha256:bda6ce04a77662e77a4b6b2598211935ca281e1cf663248d54bce75bd684fed8", size = 707550, upload-time = "2025-12-09T09:46:03.993Z" },
    { url = "https://files.pythonhosted.org/packages/86/77/175efa84ecea161c70948dc67b412b7444c2a196e4def8b305cb756077c6/hidapi-0.15.0-cp314-cp314-musllinux_1_2_i686.whl", hash = "sha256:74900b5c7e884e0e4316d4deb746e5dd294b5aaaf90eac056c4f9f19cf2c8097", size = 689865, upload-time = "2025-12-09T09:46:05.976Z" },
    { url = "https://files.pythonhosted.org/packages/7e/29/0e513390a8d686448672fabd30385f9cda6e01663765851d0cef88e6f0b1/hidapi-0.15.0-cp314-cp314-musllinux_1_2_x86_64.whl", hash = "sha256:76236468509dfcb256fa0fbd5a73708c598b3819695b7d08499ae489c82116b6", size = 706809, upload-time = "2025-12-09T09:46:07.309Z" },
    { url = "https://files.pythonhosted.org/packages/a2/d6/c0b9d8568fdb38eebb9caaa56643a81d92cccb5d59a5b44e0d975a0f3808/hidapi-0.15.0-cp314-cp314-win32.whl", hash = "sha256:901c03817306eac7edd589f09e0e07467871b45f665949cc4caa645b54abc97b", size = 61089, upload-time = "2025-12-09T09:46:09.59Z" },
    { url = "https://files.pythonhosted.org/packages/cb/14/3b27516b2867e53545164ebd8ef45d0c36857d2a062036e788e56e2e34ce/hidapi-0.15.0-cp314-cp314-win_amd64.whl", hash = "sha256:df0dd435562654e27ad0c7d045074eb1e1e016b09167dd48a258dec1ce4b9127", size = 67710, upload-time = "2025-12-09T09:46:08.677Z" },
    { url = "https://files.pythonhosted.org/packages/97/8f/ff034661faf99acaabe8954fb7db87c5242c79bf763dd972b23b1be5f104/hidapi-0.15.0-cp314-cp314t-macosx_10_15_x86_64.whl", hash = "sha256:2f16e9ea8a1d24ac7a6bf316905823eafd58f78ec815a93118d4710faf95a224", size = 70893, upload-time = "2025-12-09T09:46:10.625Z" },
    { url = "https://files.pythonhosted.org/packages/d8/44/617666a0919d06521d732ef07998306b8ddcbd96038e19348c831acd76e8/hidapi-0.15.0-cp314-cp314t-macosx_11_0_arm64.whl", hash = "sha256:77f0965ca81a9be44694e84aa18e501d5cda49e372202a38a52d22acc38deadd", size = 71430, upload-time = "2025-12-09T09:46:11.648Z" },
    { url = "https://files.pythonhosted.org/packages/64/64/129aed49fa45b6a5e2fd955618eebe93ff7e3889f05237da6b45051c77bb/hidapi-0.15.0-cp314-cp314t-manylinux2014_x86_64.manylinux_2_17_x86_64.whl", hash = "sha256:541c85b8225ce19b38ceacd404283ca1857345ccfa7ca12f54131203ff2d7f75", size = 1094257, upload-time = "2025-12-09T09:46:17.529Z" },
    { url = "https://files.pythonhosted.org/packages/17/ca/266ca521ff643957823a7f04a67030f6d2917e86e31c60c3d4878cd6b913/hidapi-0.15.0-cp314-cp314t-manylinux_2_28_aarch64.whl", hash = "sha256:89f909a6783307c2f067e8e7948f38ec43386f15d04759d11e5b32e3b2fdf3d8", size = 1663756, upload-time = "2025-12-09T09:46:13.403Z" },
    { url = "https://files.pythonhosted.org/packages/38/de/eb9d0fe6d9ccd2645e993930cc7fdeb6e12ddcdec086f3ef7dec947286ca/hidapi-0.15.0-cp314-cp314t-manylinux_2_28_i686.whl", hash = "sha256:fd32f311633fad21a52e750775cd4ea23da912199c63d1331f4d8ae00ab0874b", size = 1710998, upload-time = "2025-12-09T09:46:15.68Z" },
    { url = "https://files.pythonhosted.org/packages/07/43/e5c0cd80df4a65a468b7a9fc6891ea77435a75e64bb273104c37f12e05b3/hidapi-0.15.0-cp314-cp314t-musllinux_1_2_aarch64.whl", hash = "sha256:8f7ca38699557ab057333f1628a346073ae6088c09897b2cd9fbc68f4896780c", size = 751383, upload-time = "2025-12-09T09:46:19.183Z" },
    { url = "https://files.pythonhosted.org/packages/8c/8f/033e19857bcc3ad1b9880b5c0dfbaa7c945e577b7dee18919c1b2478484d/hidapi-0.15.0-cp314-cp314t-musllinux_1_2_i686.whl", hash = "sha256:1c4e707c82629637a311fa1a7adc1ae1386de7b539e84b4e37125e52e449318d", size = 722837, upload-time = "2025-12-09T09:46:20.707Z" },
    { url = "https://files.pythonhosted.org/packages/ff/f0/2b4e7ff42cdc6a6bf7def0591dfd3854af81038a1925ac1ed7a96578e834/hidapi-0.15.0-cp314-cp314t-musllinux_1_2_x86_64.whl", hash = "sha256:cc99bb16b359023190bf857297f6492a1c8441ccacff66dac881c9e278f5c262", size = 750923, upload-time = "2025-12-09T09:46:23.161Z" },
    { url = "https://files.pythonhosted.org/packages/bd/eb/c0676ff1f7e9ec9d99eaa428c66745cdab5b1742808f0c16061c85bd0b18/hidapi-0.15.0-cp314-cp314t-win32.whl", hash = "sha256:005c84c74c940a314b211674edc763a931ace0b63685ace88148496f563e25f9", size = 66288, upload-time = "2025-12-09T09:46:25.246Z" },
    { url = "https://files.pythonhosted.org/packages/cd/5b/f22dbf886824559d3e66d84710c5fb48c09856e6816885da97f2f51700eb/hidapi-0.15.0-cp314-cp314t-win_amd64.whl", hash = "sha256:e384430363d400c4ffb33fe65f22a61c9f288a870158dc5a9f5c9d917b7250c7", size = 74723, upload-time = "2025-12-09T09:46:24.36Z" },
]

[[package]]
name = "mpy-cross-v5"
version = "1.1.2"
source = { registry = "https://pypi.org/simple" }
sdist = { url = "https://files.pythonhosted.org/packages/1f/bc/0ba7e304693112bb62b59eb9feb35477fae264bc57956ed7200a1fc941ce/mpy_cross_v5-1.1.2.tar.gz", hash = "sha256:550c672e2fc08c84a491544f7e28af504ccaeeb7eda2f84f4ad6800b78d0ed22", size = 593147, upload-time = "2025-11-29T19:25:04.633Z" }
wheels = [
    { url = "https://files.pythonhosted.org/packages/4e/4e/b8e0f716dd0c4e1c393fc945bb41a95df481c6b216d96bda7f848064a0fb/mpy_cross_v5-1.1.2-py3-none-macosx_10_13_x86_64.whl", hash = "sha256:ac7405882d1e3b7ec6690409768c05169e9a9e5dccc146ed41f353ef9a9974eb", size = 148726, upload-time = "2025-11-29T19:24:53.621Z" },
    { url = "https://files.pythonhosted.org/packages/f1/dc/892f9d1e7f3d48f11ba393ac14e73aad58f8f44724c7bb96ca24b2969b2e/mpy_cross_v5-1.1.2-py3-none-macosx_11_0_arm64.whl", hash = "sha256:7e2049bc3c64a44a323fdbdbcc8efda76e67fc1ed7d102253b5a51763f0f0d69", size = 146125, upload-time = "2025-11-29T19:24:54.796Z" },
    { url = "https://files.pythonhosted.org/packages/6c/1d/baec540d57d7c956ce4f9c3793181e1b797a4227cf385ee5a0b3e3789f9c/mpy_cross_v5-1.1.2-py3-none-manylinux2014_aarch64.manylinux_2_17_aarch64.manylinux_2_28_aarch64.whl", hash = "sha256:917a0b2262faeb672cd5002fff3bc21719c404bd7f6373a27e00fa4a2f7ac305", size = 146428, upload-time = "2025-11-29T19:24:56.175Z" },
    { url = "https://files.pythonhosted.org/packages/9f/d0/0199a1f0dfbc200cb3cf042f7554e6a65c301baa87c893a597086982733f/mpy_cross_v5-1.1.2-py3-none-manylinux2014_x86_64.manylinux_2_17_x86_64.manylinux_2_28_x86_64.whl", hash = "sha256:d2facc7a05fa06ee6d52132dbd5c5aee993ff70553c6acf3fd7e118377b47bc6", size = 121842, upload-time = "2025-11-29T19:24:57.217Z" },
    { url = "https://files.pythonhosted.org/packages/48/ab/f6909bbe7af230a81f6036d08eb9f19abc5bb351c07e51406bb6d5a3f88d/mpy_cross_v5-1.1.2-py3-none-musllinux_1_2_aarch64.whl", hash = "sha256:2e4782b34c75ed086ec5e4c61a727895c459dff6e06e35322b901cca9c7ba8d0", size = 162045, upload-time = "2025-11-29T19:24:58.272Z" },
    { url = "https://files.pythonhosted.org/packages/9c/51/122953746db27224ca13904bc577ab3394a03869ca21dc56ff3d6cb829ff/mpy_cross_v5-1.1.2-py3-none-musllinux_1_2_x86_64.whl", hash = "sha256:06f54bcc6907db4141869d337e2367932c261541131db871448cb8ce330012ac", size = 137506, upload-time = "2025-11-29T19:24:59.409Z" },
    { url = "https://files.pythonhosted.org/packages/56/0a/9fef517dad5192b3353cc9dad02df5311479572ff2874043ce09d1debfbc/mpy_cross_v5-1.1.2-py3-none-win32.whl", hash = "sha256:5f4ebc86b9ab1c73e62b076af72c2abb8265c19ae6db32d0e6e44f561cdcf74d", size = 131724, upload-time = "2025-11-29T19:25:00.798Z" },
    { url = "https://files.pythonhosted.org/packages/e5/a2/8ff66c749ab839f87db92f1ab4ec4c8457c9a35e6669fd0f1bf4dfc979d9/mpy_cross_v5-1.1.2-py3-none-win_amd64.whl", hash = "sha256:c06dc83362a73b8589226e5f05774ef8e8e467292c85bc719d54531911729271", size = 134849, upload-time = "2025-11-29T19:25:02.205Z" },
    { url = "https://files.pythonhosted.org/packages/6b/93/b433636ee5473007b3dc1de23278f58704bdbcd602cdee92db61f8238f6c/mpy_cross_v5-1.1.2-py3-none-win_arm64.whl", hash = "sha256:138626574cb18501314190141dd0ed7259dbd98622d68a58119561494bc78840", size = 132710, upload-time = "2025-11-29T19:25:03.296Z" },
]

[[package]]
name = "mpy-cross-v6"
version = "1.1.2"
source = { registry = "https://pypi.org/simple" }
sdist = { url = "https://files.pythonhosted.org/packages/75/50/5ca7d8577a905bd2bc11dc1fca57bb2bc7b3b954a2bb21b1139cbacc9f18/mpy_cross_v6-1.1.2.tar.gz", hash = "sha256:6accc831761e8dc2eb778f937808f6bc72650fefc1fc6aa96bfc23867fbadfea", size = 610006, upload-time = "2025-11-29T19:19:09.072Z" }
wheels = [
    { url = "https://files.pythonhosted.org/packages/ff/9c/bc5d4d8bcc5e4508f19e4e0702abf53c55629a2fd8b78ebb41aac389014c/mpy_cross_v6-1.1.2-py3-none-macosx_10_13_x86_64.whl", hash = "sha256:0b6c6d24cf23f124940a67e9848e7c2dea62d68521b71ecad6d28b0a5494ade8", size = 151072, upload-time = "2025-11-29T19:18:57.518Z" },
    { url = "https://files.pythonhosted.org/packages/5c/cf/bd18cf8ae2108ddf30a9cac03dc65d3aae4f66fd3fae78d502661b5e9c4b/mpy_cross_v6-1.1.2-py3-none-macosx_11_0_arm64.whl", hash = "sha256:00b188ed364944b1fe9665883ed262f5e236e867b82ce80766196ee5861cd7f8", size = 147698, upload-time = "2025-11-29T19:18:58.83Z" },
    { url = "https://files.pythonhosted.org/packages/e4/63/e08ed3a39be7f7818e2838f4ec4b03e80946f210312c4a9f321c5a9fbdbe/mpy_cross_v6-1.1.2-py3-none-manylinux2014_aarch64.manylinux_2_17_aarch64.manylinux_2_28_aarch64.whl", hash = "sha256:f706f09e867b5c5d3d045468f26396daa13006662e39ac5b8d1b5d6340465d3e", size = 148466, upload-time = "2025-11-29T19:19:00.03Z" },
    { url = "https://files.pythonhosted.org/packages/56/41/0013ec6c3a8b8e72379492050e7044fc03226575567222cbc5917de01a11/mpy_cross_v6-1.1.2-py3-none-manylinux2014_x86_64.manylinux_2_17_x86_64.manylinux_2_28_x86_64.whl", hash = "sha256:f061618f6fcc75220920e40de84bd13bf612ce918f282b51ed05e0029858c1a4", size = 124168, upload-time = "2025-11-29T19:19:01.186Z" },
    { url = "https://files.pythonhosted.org/packages/70/e6/884345fe8035af9ca8230512c0897271e855df7d71a3151bf59e5f633c5e/mpy_cross_v6-1.1.2-py3-none-musllinux_1_2_aarch64.whl", hash = "sha256:1d8e0239a6a6f9ff74dee492383f34f56168c2533b8d226707abaa5dc8e4116f", size = 162873, upload-time = "2025-11-29T19:19:02.642Z" },
    { url = "https://files.pythonhosted.org/packages/84/90/0abb5c194dc8d930ef1a24e855a24d8f0afe8455961d4d0e3d5e04f12be9/mpy_cross_v6-1.1.2-py3-none-musllinux_1_2_x86_64.whl", hash = "sha256:57888985b68c286c0ea14abecca31baa2a60a819c79313af1b84af57f6d2c4d5", size = 138935, upload-time = "2025-11-29T19:19:03.898Z" },
    { url = "https://files.pythonhosted.org/packages/b9/bf/03a482af728e5ff00268b3c640047ec08c0bbf4ac8400840a82cc3a88754/mpy_cross_v6-1.1.2-py3-none-win32.whl", hash = "sha256:017601950c2e4b538d1219807f02b21240965b1a806b6be785ddf7c9675ac223", size = 133513, upload-time = "2025-11-29T19:19:05.275Z" },
    { url = "https://files.pythonhosted.org/packages/df/fb/cc3101430b7cb8155673ee4dd4b754232a62560c71bf47a4d28414565263/mpy_cross_v6-1.1.2-py3-none-win_amd64.whl", hash = "sha256:9a8b3079148eafa2a096d9a20140073f26a7c00234de2744e55a077b1033043c", size = 136521, upload-time = "2025-11-29T19:19:06.518Z" },
    { url = "https://files.pythonhosted.org/packages/7b/f8/8b5c0e4e82e6b6d01b058cdd990fdffaccfa79b4913be5abb6b280465cce/mpy_cross_v6-1.1.2-py3-none-win_arm64.whl", hash = "sha256:13f44322b3cbbba9098b3f401c64e0545ee902ba8a2f51bb28377254faa7273e", size = 134250, upload-time = "2025-11-29T19:19:07.795Z" },
]

[[package]]
name = "packaging"
version = "26.0"
source = { registry = "https://pypi.org/simple" }
sdist = { url = "https://files.pythonhosted.org/packages/65/ee/299d360cdc32edc7d2cf530f3accf79c4fca01e96ffc950d8a52213bd8e4/packaging-26.0.tar.gz", hash = "sha256:00243ae351a257117b6a241061796684b084ed1c516a08c48a3f7e147a9d80b4", size = 143416, upload-time = "2026-01-21T20:50:39.064Z" }
wheels = [
    { url = "https://files.pythonhosted.org/packages/b7/b9/c538f279a4e237a006a2c98387d081e9eb060d203d8ed34467cc0f0b9b53/packaging-26.0-py3-none-any.whl", hash = "sha256:b36f1fef9334a5588b4166f8bcd26a14e521f2b55e6b9de3aaa80d3ff7a37529", size = 74366, upload-time = "2026-01-21T20:50:37.788Z" },
]

[[package]]
name = "prompt-toolkit"
version = "3.0.52"
source = { registry = "https://pypi.org/simple" }
dependencies = [
    { name = "wcwidth" },
]
sdist = { url = "https://files.pythonhosted.org/packages/a1/96/06e01a7b38dce6fe1db213e061a4602dd6032a8a97ef6c1a862537732421/prompt_toolkit-3.0.52.tar.gz", hash = "sha256:28cde192929c8e7321de85de1ddbe736f1375148b02f2e17edd840042b1be855", size = 434198, upload-time = "2025-08-27T15:24:02.057Z" }
wheels = [
    { url = "https://files.pythonhosted.org/packages/84/03/0d3ce49e2505ae70cf43bc5bb3033955d2fc9f932163e84dc0779cc47f48/prompt_toolkit-3.0.52-py3-none-any.whl", hash = "sha256:9aac639a3bbd33284347de5ad8d68ecc044b91a762dc39b7c21095fcd6a19955", size = 391431, upload-time = "2025-08-27T15:23:59.498Z" },
]

[[package]]
name = "pybricks"
version = "3.6.1"
source = { registry = "https://pypi.org/simple" }
sdist = { url = "https://files.pythonhosted.org/packages/66/7f/30e66ae9e57375098803f19e6e397d1af3f8d848c105a5041d9934252b8a/pybricks-3.6.1.tar.gz", hash = "sha256:1836b5e14e143eec02a8c57d4677ab96a223a653e813567df072d90722d9f048", size = 47517, upload-time = "2025-05-01T09:32:10.847Z" }
wheels = [
    { url = "https://files.pythonhosted.org/packages/86/e9/a6259aeea4e4b01e92eee917b868564580efd84abdf823357ce6be92489d/pybricks-3.6.1-py3-none-any.whl", hash = "sha256:ff177a4c4728df1ea22cc7ac63c403affd0d1f64cc389a385f5b27561ab08c23", size = 59762, upload-time = "2025-05-01T09:32:09.306Z" },
]

[[package]]
name = "pybricks-projects"
version = "0.1.0"
source = { virtual = "." }
dependencies = [
    { name = "debugpy" },
    { name = "pybricks" },
    { name = "pybricksdev" },
]

[package.metadata]
requires-dist = [
    { name = "debugpy", specifier = ">=1.8.20" },
    { name = "pybricks", specifier = ">=3.6.1" },
    { name = "pybricksdev", specifier = ">=2.3.2" },
]

[[package]]
name = "pybricksdev"
version = "2.3.2"
source = { registry = "https://pypi.org/simple" }
dependencies = [
    { name = "appdirs" },
    { name = "argcomplete" },
    { name = "bleak" },
    { name = "hidapi" },
    { name = "mpy-cross-v5" },
    { name = "mpy-cross-v6" },
    { name = "packaging" },
    { name = "prompt-toolkit" },
    { name = "pybricks", marker = "python_full_version < '4'" },
    { name = "pyusb" },
    { name = "questionary", marker = "python_full_version < '4'" },
    { name = "reactivex", marker = "python_full_version < '4'" },
    { name = "semver" },
    { name = "tqdm" },
    { name = "typing-extensions" },
]
sdist = { url = "https://files.pythonhosted.org/packages/54/a9/8efa1d7c7ad7d2a8306a7dcf146b13b527a6232ec9f81cad28a895de18c4/pybricksdev-2.3.2.tar.gz", hash = "sha256:7c060ce60dbdde96fb6544dfbcd8cd51dcb2d4d7d5cd5796dd79c40f0287e765", size = 238700, upload-time = "2026-01-24T03:47:32.135Z" }
wheels = [
    { url = "https://files.pythonhosted.org/packages/d4/84/7ba3b51300818266b7ffd03c7170572b8f1c9d9f46978e929da7c8d7d00b/pybricksdev-2.3.2-py3-none-any.whl", hash = "sha256:7d9f024931c412e7e5e3578f1dd811ba4449519d85706a7e36611d4a27de4acc", size = 257505, upload-time = "2026-01-24T03:47:33.121Z" },
]

[[package]]
name = "pyobjc-core"
version = "12.1"
source = { registry = "https://pypi.org/simple" }
sdist = { url = "https://files.pythonhosted.org/packages/b8/b6/d5612eb40be4fd5ef88c259339e6313f46ba67577a95d86c3470b951fce0/pyobjc_core-12.1.tar.gz", hash = "sha256:2bb3903f5387f72422145e1466b3ac3f7f0ef2e9960afa9bcd8961c5cbf8bd21", size = 1000532, upload-time = "2025-11-14T10:08:28.292Z" }
wheels = [
    { url = "https://files.pythonhosted.org/packages/25/98/9f4ed07162de69603144ff480be35cd021808faa7f730d082b92f7ebf2b5/pyobjc_core-12.1-cp314-cp314-macosx_10_15_universal2.whl", hash = "sha256:844515f5d86395b979d02152576e7dee9cc679acc0b32dc626ef5bda315eaa43", size = 670164, upload-time = "2025-11-14T09:34:37.458Z" },
    { url = "https://files.pythonhosted.org/packages/62/50/dc076965c96c7f0de25c0a32b7f8aa98133ed244deaeeacfc758783f1f30/pyobjc_core-12.1-cp314-cp314t-macosx_10_15_universal2.whl", hash = "sha256:453b191df1a4b80e756445b935491b974714456ae2cbae816840bd96f86db882", size = 712204, upload-time = "2025-11-14T09:35:24.148Z" },
]

[[package]]
name = "pyobjc-framework-cocoa"
version = "12.1"
source = { registry = "https://pypi.org/simple" }
dependencies = [
    { name = "pyobjc-core" },
]
sdist = { url = "https://files.pythonhosted.org/packages/02/a3/16ca9a15e77c061a9250afbae2eae26f2e1579eb8ca9462ae2d2c71e1169/pyobjc_framework_cocoa-12.1.tar.gz", hash = "sha256:5556c87db95711b985d5efdaaf01c917ddd41d148b1e52a0c66b1a2e2c5c1640", size = 2772191, upload-time = "2025-11-14T10:13:02.069Z" }
wheels = [
    { url = "https://files.pythonhosted.org/packages/59/bb/f777cc9e775fc7dae77b569254570fe46eb842516b3e4fe383ab49eab598/pyobjc_framework_cocoa-12.1-cp314-cp314-macosx_10_15_universal2.whl", hash = "sha256:03342a60fc0015bcdf9b93ac0b4f457d3938e9ef761b28df9564c91a14f0129a", size = 384932, upload-time = "2025-11-14T09:42:29.771Z" },
    { url = "https://files.pythonhosted.org/packages/58/27/b457b7b37089cad692c8aada90119162dfb4c4a16f513b79a8b2b022b33b/pyobjc_framework_cocoa-12.1-cp314-cp314t-macosx_10_15_universal2.whl", hash = "sha256:6ba1dc1bfa4da42d04e93d2363491275fb2e2be5c20790e561c8a9e09b8cf2cc", size = 388970, upload-time = "2025-11-14T09:42:53.964Z" },
]

[[package]]
name = "pyobjc-framework-corebluetooth"
version = "12.1"
source = { registry = "https://pypi.org/simple" }
dependencies = [
    { name = "pyobjc-core" },
    { name = "pyobjc-framework-cocoa" },
]
sdist = { url = "https://files.pythonhosted.org/packages/4b/25/d21d6cb3fd249c2c2aa96ee54279f40876a0c93e7161b3304bf21cbd0bfe/pyobjc_framework_corebluetooth-12.1.tar.gz", hash = "sha256:8060c1466d90bbb9100741a1091bb79975d9ba43911c9841599879fc45c2bbe0", size = 33157, upload-time = "2025-11-14T10:13:28.064Z" }
wheels = [
    { url = "https://files.pythonhosted.org/packages/2f/41/90640a4db62f0bf0611cf8a161129c798242116e2a6a44995668b017b106/pyobjc_framework_corebluetooth-12.1-cp314-cp314-macosx_10_15_universal2.whl", hash = "sha256:15ba5207ca626dffe57ccb7c1beaf01f93930159564211cb97d744eaf0d812aa", size = 13222, upload-time = "2025-11-14T09:44:14.345Z" },
    { url = "https://files.pythonhosted.org/packages/86/99/8ed2f0ca02b9abe204966142bd8c4501cf6da94234cc320c4c0562c467e8/pyobjc_framework_corebluetooth-12.1-cp314-cp314t-macosx_10_15_universal2.whl", hash = "sha256:e5385195bd365a49ce70e2fb29953681eefbe68a7b15ecc2493981d2fb4a02b1", size = 13408, upload-time = "2025-11-14T09:44:16.558Z" },
]

[[package]]
name = "pyobjc-framework-libdispatch"
version = "12.1"
source = { registry = "https://pypi.org/simple" }
dependencies = [
    { name = "pyobjc-core" },
    { name = "pyobjc-framework-cocoa" },
]
sdist = { url = "https://files.pythonhosted.org/packages/26/e8/75b6b9b3c88b37723c237e5a7600384ea2d84874548671139db02e76652b/pyobjc_framework_libdispatch-12.1.tar.gz", hash = "sha256:4035535b4fae1b5e976f3e0e38b6e3442ffea1b8aa178d0ca89faa9b8ecdea41", size = 38277, upload-time = "2025-11-14T10:16:46.235Z" }
wheels = [
    { url = "https://files.pythonhosted.org/packages/59/d8/7d60a70fc1a546c6cb482fe0595cb4bd1368d75c48d49e76d0bc6c0a2d0f/pyobjc_framework_libdispatch-12.1-cp314-cp314-macosx_10_15_universal2.whl", hash = "sha256:0ebfd9e4446ab6528126bff25cfb09e4213ddf992b3208978911cfd3152e45f5", size = 15693, upload-time = "2025-11-14T09:53:05.531Z" },
    { url = "https://files.pythonhosted.org/packages/99/32/15e08a0c4bb536303e1568e2ba5cae1ce39a2e026a03aea46173af4c7a2d/pyobjc_framework_libdispatch-12.1-cp314-cp314t-macosx_10_15_universal2.whl", hash = "sha256:23fc9915cba328216b6a736c7a48438a16213f16dfb467f69506300b95938cc7", size = 15976, upload-time = "2025-11-14T09:53:07.936Z" },
]

[[package]]
name = "pyusb"
version = "1.3.1"
source = { registry = "https://pypi.org/simple" }
sdist = { url = "https://files.pythonhosted.org/packages/00/6b/ce3727395e52b7b76dfcf0c665e37d223b680b9becc60710d4bc08b7b7cb/pyusb-1.3.1.tar.gz", hash = "sha256:3af070b607467c1c164f49d5b0caabe8ac78dbed9298d703a8dbf9df4052d17e", size = 77281, upload-time = "2025-01-08T23:45:01.866Z" }
wheels = [
    { url = "https://files.pythonhosted.org/packages/28/b8/27e6312e86408a44fe16bd28ee12dd98608b39f7e7e57884a24e8f29b573/pyusb-1.3.1-py3-none-any.whl", hash = "sha256:bf9b754557af4717fe80c2b07cc2b923a9151f5c08d17bdb5345dac09d6a0430", size = 58465, upload-time = "2025-01-08T23:45:00.029Z" },
]

[[package]]
name = "questionary"
version = "2.1.1"
source = { registry = "https://pypi.org/simple" }
dependencies = [
    { name = "prompt-toolkit" },
]
sdist = { url = "https://files.pythonhosted.org/packages/f6/45/eafb0bba0f9988f6a2520f9ca2df2c82ddfa8d67c95d6625452e97b204a5/questionary-2.1.1.tar.gz", hash = "sha256:3d7e980292bb0107abaa79c68dd3eee3c561b83a0f89ae482860b181c8bd412d", size = 25845, upload-time = "2025-08-28T19:00:20.851Z" }
wheels = [
    { url = "https://files.pythonhosted.org/packages/3c/26/1062c7ec1b053db9e499b4d2d5bc231743201b74051c973dadeac80a8f43/questionary-2.1.1-py3-none-any.whl", hash = "sha256:a51af13f345f1cdea62347589fbb6df3b290306ab8930713bfae4d475a7d4a59", size = 36753, upload-time = "2025-08-28T19:00:19.56Z" },
]

[[package]]
name = "reactivex"
version = "4.1.0"
source = { registry = "https://pypi.org/simple" }
dependencies = [
    { name = "typing-extensions" },
]
sdist = { url = "https://files.pythonhosted.org/packages/b6/af/38a4b62468e4c5bd50acf511d86fe62e65a466aa6abb55b1d59a4a9e57f3/reactivex-4.1.0.tar.gz", hash = "sha256:c7499e3c802bccaa20839b3e17355a7d939573fded3f38ba3d4796278a169a3d", size = 113482, upload-time = "2025-11-05T21:44:24.557Z" }
wheels = [
    { url = "https://files.pythonhosted.org/packages/ba/9e/3c2f5d3abb6c5d82f7696e1e3c69b7279049e928596ce82ed25ca97a08f3/reactivex-4.1.0-py3-none-any.whl", hash = "sha256:485750ec8d9b34bcc8ff4318971d234dc4f595058a1b4435a74aefef4b2bc9bd", size = 218588, upload-time = "2025-11-05T21:44:23.015Z" },
]

[[package]]
name = "semver"
version = "3.0.4"
source = { registry = "https://pypi.org/simple" }
sdist = { url = "https://files.pythonhosted.org/packages/72/d1/d3159231aec234a59dd7d601e9dd9fe96f3afff15efd33c1070019b26132/semver-3.0.4.tar.gz", hash = "sha256:afc7d8c584a5ed0a11033af086e8af226a9c0b206f313e0301f8dd7b6b589602", size = 269730, upload-time = "2025-01-24T13:19:27.617Z" }
wheels = [
    { url = "https://files.pythonhosted.org/packages/a6/24/4d91e05817e92e3a61c8a21e08fd0f390f5301f1c448b137c57c4bc6e543/semver-3.0.4-py3-none-any.whl", hash = "sha256:9c824d87ba7f7ab4a1890799cec8596f15c1241cb473404ea1cb0c55e4b04746", size = 17912, upload-time = "2025-01-24T13:19:24.949Z" },
]

[[package]]
name = "tqdm"
version = "4.67.3"
source = { registry = "https://pypi.org/simple" }
dependencies = [
    { name = "colorama", marker = "sys_platform == 'win32'" },
]
sdist = { url = "https://files.pythonhosted.org/packages/09/a9/6ba95a270c6f1fbcd8dac228323f2777d886cb206987444e4bce66338dd4/tqdm-4.67.3.tar.gz", hash = "sha256:7d825f03f89244ef73f1d4ce193cb1774a8179fd96f31d7e1dcde62092b960bb", size = 169598, upload-time = "2026-02-03T17:35:53.048Z" }
wheels = [
    { url = "https://files.pythonhosted.org/packages/16/e1/3079a9ff9b8e11b846c6ac5c8b5bfb7ff225eee721825310c91b3b50304f/tqdm-4.67.3-py3-none-any.whl", hash = "sha256:ee1e4c0e59148062281c49d80b25b67771a127c85fc9676d3be5f243206826bf", size = 78374, upload-time = "2026-02-03T17:35:50.982Z" },
]

[[package]]
name = "typing-extensions"
version = "4.15.0"
source = { registry = "https://pypi.org/simple" }
sdist = { url = "https://files.pythonhosted.org/packages/72/94/1a15dd82efb362ac84269196e94cf00f187f7ed21c242792a923cdb1c61f/typing_extensions-4.15.0.tar.gz", hash = "sha256:0cea48d173cc12fa28ecabc3b837ea3cf6f38c6d1136f85cbaaf598984861466", size = 109391, upload-time = "2025-08-25T13:49:26.313Z" }
wheels = [
    { url = "https://files.pythonhosted.org/packages/18/67/36e9267722cc04a6b9f15c7f3441c2363321a3ea07da7ae0c0707beb2a9c/typing_extensions-4.15.0-py3-none-any.whl", hash = "sha256:f0fa19c6845758ab08074a0cfa8b7aecb71c999ca73d62883bc25cc018c4e548", size = 44614, upload-time = "2025-08-25T13:49:24.86Z" },
]

[[package]]
name = "wcwidth"
version = "0.6.0"
source = { registry = "https://pypi.org/simple" }
sdist = { url = "https://files.pythonhosted.org/packages/35/a2/8e3becb46433538a38726c948d3399905a4c7cabd0df578ede5dc51f0ec2/wcwidth-0.6.0.tar.gz", hash = "sha256:cdc4e4262d6ef9a1a57e018384cbeb1208d8abbc64176027e2c2455c81313159", size = 159684, upload-time = "2026-02-06T19:19:40.919Z" }
wheels = [
    { url = "https://files.pythonhosted.org/packages/68/5a/199c59e0a824a3db2b89c5d2dade7ab5f9624dbf6448dc291b46d5ec94d3/wcwidth-0.6.0-py3-none-any.whl", hash = "sha256:1a3a1e510b553315f8e146c54764f4fb6264ffad731b3d78088cdb1478ffbdad", size = 94189, upload-time = "2026-02-06T19:19:39.646Z" },
]

[[package]]
name = "winrt-runtime"
version = "3.2.1"
source = { registry = "https://pypi.org/simple" }
dependencies = [
    { name = "typing-extensions" },
]
sdist = { url = "https://files.pythonhosted.org/packages/16/dd/acdd527c1d890c8f852cc2af644aa6c160974e66631289420aa871b05e65/winrt_runtime-3.2.1.tar.gz", hash = "sha256:c8dca19e12b234ae6c3dadf1a4d0761b51e708457492c13beb666556958801ea", size = 21721, upload-time = "2025-06-06T14:40:27.593Z" }
wheels = [
    { url = "https://files.pythonhosted.org/packages/c8/87/88bd98419a9da77a68e030593fee41702925a7ad8a8aec366945258cbb31/winrt_runtime-3.2.1-cp314-cp314-win32.whl", hash = "sha256:9b6298375468ac2f6815d0c008a059fc16508c8f587e824c7936ed9216480dad", size = 210257, upload-time = "2025-09-20T07:06:41.054Z" },
    { url = "https://files.pythonhosted.org/packages/87/85/e5c2a10d287edd9d3ee8dc24bf7d7f335636b92bf47119768b7dd2fd1669/winrt_runtime-3.2.1-cp314-cp314-win_amd64.whl", hash = "sha256:e36e587ab5fd681ee472cd9a5995743f75107a1a84d749c64f7e490bc86bc814", size = 241873, upload-time = "2025-09-20T07:06:42.059Z" },
    { url = "https://files.pythonhosted.org/packages/52/2a/eb9e78397132175f70dd51dfa4f93e489c17d6b313ae9dce60369b8d84a7/winrt_runtime-3.2.1-cp314-cp314-win_arm64.whl", hash = "sha256:35d6241a2ebd5598e4788e69768b8890ee1eee401a819865767a1fbdd3e9a650", size = 416222, upload-time = "2025-09-20T07:06:43.376Z" },
]

[[package]]
name = "winrt-windows-devices-bluetooth"
version = "3.2.1"
source = { registry = "https://pypi.org/simple" }
dependencies = [
    { name = "winrt-runtime" },
]
sdist = { url = "https://files.pythonhosted.org/packages/b2/a0/1c8a0c469abba7112265c6cb52f0090d08a67c103639aee71fc690e614b8/winrt_windows_devices_bluetooth-3.2.1.tar.gz", hash = "sha256:db496d2d92742006d5a052468fc355bf7bb49e795341d695c374746113d74505", size = 23732, upload-time = "2025-06-06T14:41:20.489Z" }
wheels = [
    { url = "https://files.pythonhosted.org/packages/b7/95/91cfdf941a1ba791708ab3477fc4e46793c8fe9117fc3e0a8c5ac5d7a09c/winrt_windows_devices_bluetooth-3.2.1-cp314-cp314-win32.whl", hash = "sha256:de36ded53ca3ba12fc6dd4deb14b779acc391447726543815df4800348aad63a", size = 109015, upload-time = "2025-09-20T07:09:51.067Z" },
    { url = "https://files.pythonhosted.org/packages/61/fa/7460655628d0f340a93524f5236bb9f8514eb0e1d334b38cba8a89f6c1a6/winrt_windows_devices_bluetooth-3.2.1-cp314-cp314-win_amd64.whl", hash = "sha256:3295d932cc93259d5ccb23a41e3a3af4c78ce5d6a6223b2b7638985f604fa34c", size = 115931, upload-time = "2025-09-20T07:09:51.922Z" },
    { url = "https://files.pythonhosted.org/packages/de/70/e1248dea2ab881eb76b61ff1ad6cb9c07ac005faf99349e4af0b29bc3f1b/winrt_windows_devices_bluetooth-3.2.1-cp314-cp314-win_arm64.whl", hash = "sha256:1f61c178766a1bbce0669f44790c6161ff4669404c477b4aedaa576348f9e102", size = 109561, upload-time = "2025-09-20T07:09:52.733Z" },
]

[[package]]
name = "winrt-windows-devices-bluetooth-advertisement"
version = "3.2.1"
source = { registry = "https://pypi.org/simple" }
dependencies = [
    { name = "winrt-runtime" },
]
sdist = { url = "https://files.pythonhosted.org/packages/06/fc/7ffe66ca4109b9e994b27c00f3d2d506e6e549e268791f755287ad9106d8/winrt_windows_devices_bluetooth_advertisement-3.2.1.tar.gz", hash = "sha256:0223852a7b7fa5c8dea3c6a93473bd783df4439b1ed938d9871f947933e574cc", size = 16906, upload-time = "2025-06-06T14:41:21.448Z" }
wheels = [
    { url = "https://files.pythonhosted.org/packages/27/3d/421d04a20037370baf13de929bc1dc5438b306a76fe17275ec5d893aae6c/winrt_windows_devices_bluetooth_advertisement-3.2.1-cp314-cp314-win32.whl", hash = "sha256:2985565c265b3f9eab625361b0e40e88c94b03d89f5171f36146f2e88b3ee214", size = 92264, upload-time = "2025-09-20T07:09:53.563Z" },
    { url = "https://files.pythonhosted.org/packages/07/c7/43601ab82fe42bcff430b8466d84d92b31be06cc45c7fd64e9aac40f7851/winrt_windows_devices_bluetooth_advertisement-3.2.1-cp314-cp314-win_amd64.whl", hash = "sha256:d102f3fac64fde32332e370969dfbc6f37b405d8cc055d9da30d14d07449a3c2", size = 97517, upload-time = "2025-09-20T07:09:54.411Z" },
    { url = "https://files.pythonhosted.org/packages/91/17/e3303f6a25a2d98e424b06580fc85bbfd068f383424c67fa47cb1b357a46/winrt_windows_devices_bluetooth_advertisement-3.2.1-cp314-cp314-win_arm64.whl", hash = "sha256:ffeb5e946cd42c32c6999a62e240d6730c653cdfb7b49c7839afba375e20a62a", size = 94122, upload-time = "2025-09-20T07:09:55.187Z" },
]

[[package]]
name = "winrt-windows-devices-bluetooth-genericattributeprofile"
version = "3.2.1"
source = { registry = "https://pypi.org/simple" }
dependencies = [
    { name = "winrt-runtime" },
]
sdist = { url = "https://files.pythonhosted.org/packages/44/21/aeeddc0eccdfbd25e543360b5cc093233e2eab3cdfb53ad3cabae1b5d04d/winrt_windows_devices_bluetooth_genericattributeprofile-3.2.1.tar.gz", hash = "sha256:cdf6ddc375e9150d040aca67f5a17c41ceaf13a63f3668f96608bc1d045dde71", size = 38896, upload-time = "2025-06-06T14:41:22.687Z" }
wheels = [
    { url = "https://files.pythonhosted.org/packages/b7/32/cb447ca7730a1e05730272309b074da6a04af29a8c0f5121014db8a2fc02/winrt_windows_devices_bluetooth_genericattributeprofile-3.2.1-cp314-cp314-win32.whl", hash = "sha256:d5f83739ca370f0baf52b0400aebd6240ab80150081fbfba60fd6e7b2e7b4c5f", size = 185249, upload-time = "2025-09-20T07:09:58.639Z" },
    { url = "https://files.pythonhosted.org/packages/bb/fa/f465d5d44dda166bf7ec64b7a950f57eca61f165bfe18345e9a5ea542def/winrt_windows_devices_bluetooth_genericattributeprofile-3.2.1-cp314-cp314-win_amd64.whl", hash = "sha256:13786a5853a933de140d456cd818696e1121c7c296ae7b7af262fc5d2cffb851", size = 193739, upload-time = "2025-09-20T07:09:59.893Z" },
    { url = "https://files.pythonhosted.org/packages/78/08/51c53ac3c704cd92da5ed7e7b9b57159052f6e46744e4f7e447ed708aa22/winrt_windows_devices_bluetooth_genericattributeprofile-3.2.1-cp314-cp314-win_arm64.whl", hash = "sha256:5140682da2860f6a55eb6faf9e980724dc457c2e4b4b35a10e1cebd8fc97d892", size = 194836, upload-time = "2025-09-20T07:10:00.87Z" },
]

[[package]]
name = "winrt-windows-devices-enumeration"
version = "3.2.1"
source = { registry = "https://pypi.org/simple" }
dependencies = [
    { name = "winrt-runtime" },
]
sdist = { url = "https://files.pythonhosted.org/packages/9e/dd/75835bfbd063dffa152109727dedbd80f6e92ea284855f7855d48cdf31c9/winrt_windows_devices_enumeration-3.2.1.tar.gz", hash = "sha256:df316899e39bfc0ffc1f3cb0f5ee54d04e1d167fbbcc1484d2d5121449a935cf", size = 23538, upload-time = "2025-06-06T14:41:26.787Z" }
wheels = [
    { url = "https://files.pythonhosted.org/packages/41/31/5785cd1ec54dc0f0e6f3e6a466d07a62b8014a6e2b782e80444ef87e83ab/winrt_windows_devices_enumeration-3.2.1-cp314-cp314-win32.whl", hash = "sha256:e087364273ed7c717cd0191fed4be9def6fdf229fe9b536a4b8d0228f7814106", size = 134252, upload-time = "2025-09-20T07:10:12.935Z" },
    { url = "https://files.pythonhosted.org/packages/cb/f6/68d91068048410f49794c0b19c45759c63ca559607068cfe5affba2f211b/winrt_windows_devices_enumeration-3.2.1-cp314-cp314-win_amd64.whl", hash = "sha256:0da1ddb8285d97a6775c36265d7157acf1bbcb88bcc9a7ce9a4549906c822472", size = 145509, upload-time = "2025-09-20T07:10:13.797Z" },
    { url = "https://files.pythonhosted.org/packages/5c/a4/898951d5bfc474aa9c7d133fe30870f0f2184f4ba3027eafb779d30eb7bc/winrt_windows_devices_enumeration-3.2.1-cp314-cp314-win_arm64.whl", hash = "sha256:09bf07e74e897e97a49a9275d0a647819254ddb74142806bbbcf4777ed240a22", size = 141334, upload-time = "2025-09-20T07:10:14.637Z" },
]

[[package]]
name = "winrt-windows-devices-radios"
version = "3.2.1"
source = { registry = "https://pypi.org/simple" }
dependencies = [
    { name = "winrt-runtime" },
]
sdist = { url = "https://files.pythonhosted.org/packages/5e/02/9704ea359ad8b0d6faa1011f98fb477e8fb6eac5201f39d19e73c2407e7b/winrt_windows_devices_radios-3.2.1.tar.gz", hash = "sha256:4dc9b9d1501846049eb79428d64ec698d6476c27a357999b78a8331072e18a0b", size = 5908, upload-time = "2025-06-06T14:41:44.868Z" }
wheels = [
    { url = "https://files.pythonhosted.org/packages/76/79/4627afae6b389ddd1e5f1d691663c6b14d6c8f98959082aed1217cc57ef9/winrt_windows_devices_radios-3.2.1-cp314-cp314-win32.whl", hash = "sha256:21452e1cae50e44cd1d5e78159e1b9986ac3389b66458ad89caa196ce5eca2d6", size = 39521, upload-time = "2025-09-20T07:11:17.992Z" },
    { url = "https://files.pythonhosted.org/packages/a7/7c/c6aea91908ee7279ed51d12157bc8aeecb8850af2441073c3c91b261ad31/winrt_windows_devices_radios-3.2.1-cp314-cp314-win_amd64.whl", hash = "sha256:6a8413e586fe597c6849607885cca7e0549da33ae5699165d11f7911534c6eaf", size = 41121, upload-time = "2025-09-20T07:11:18.747Z" },
    { url = "https://files.pythonhosted.org/packages/86/c5/652f14e3c501452ad8e0723518d9bbd729219b47f4a4dbe2966c2f82dca8/winrt_windows_devices_radios-3.2.1-cp314-cp314-win_arm64.whl", hash = "sha256:39129fd9d09103adb003575f59881c1a5a70a43310547850150b46c6f4020312", size = 38114, upload-time = "2025-09-20T07:11:19.599Z" },
]

[[package]]
name = "winrt-windows-foundation"
version = "3.2.1"
source = { registry = "https://pypi.org/simple" }
dependencies = [
    { name = "winrt-runtime" },
]
sdist = { url = "https://files.pythonhosted.org/packages/0c/55/098ce7ea0679efcc1298b269c48768f010b6c68f90c588f654ec874c8a74/winrt_windows_foundation-3.2.1.tar.gz", hash = "sha256:ad2f1fcaa6c34672df45527d7c533731fdf65b67c4638c2b4aca949f6eec0656", size = 30485, upload-time = "2025-06-06T14:41:53.344Z" }
wheels = [
    { url = "https://files.pythonhosted.org/packages/e3/0a/d77346e39fe0c81f718cde49f83fe77c368c0e14c6418f72dfa1e7ef22d0/winrt_windows_foundation-3.2.1-cp314-cp314-win32.whl", hash = "sha256:35e973ab3c77c2a943e139302256c040e017fd6ff1a75911c102964603bba1da", size = 114590, upload-time = "2025-09-20T07:11:49.97Z" },
    { url = "https://files.pythonhosted.org/packages/a1/56/4d2b545bea0f34f68df6d4d4ca22950ff8a935497811dccdc0ca58737a05/winrt_windows_foundation-3.2.1-cp314-cp314-win_amd64.whl", hash = "sha256:a22a7ebcec0d262e60119cff728f32962a02df60471ded8b2735a655eccc0ef5", size = 122148, upload-time = "2025-09-20T07:11:50.826Z" },
    { url = "https://files.pythonhosted.org/packages/ed/ed/b9d3a11cac73444c0a3703200161cd7267dab5ab85fd00e1f965526e74a8/winrt_windows_foundation-3.2.1-cp314-cp314-win_arm64.whl", hash = "sha256:3be7fbae829b98a6a946db4fbaf356b11db1fbcbb5d4f37e7a73ac6b25de8b87", size = 114360, upload-time = "2025-09-20T07:11:51.626Z" },
]

[[package]]
name = "winrt-windows-foundation-collections"
version = "3.2.1"
source = { registry = "https://pypi.org/simple" }
dependencies = [
    { name = "winrt-runtime" },
]
sdist = { url = "https://files.pythonhosted.org/packages/ef/62/d21e3f1eeb8d47077887bbf0c3882c49277a84d8f98f7c12bda64d498a07/winrt_windows_foundation_collections-3.2.1.tar.gz", hash = "sha256:0eff1ad0d8d763ad17e9e7bbd0c26a62b27215016393c05b09b046d6503ae6d5", size = 16043, upload-time = "2025-06-06T14:41:53.983Z" }
wheels = [
    { url = "https://files.pythonhosted.org/packages/e1/47/b3301d964422d4611c181348149a7c5956a2a76e6339de451a000d4ae8e7/winrt_windows_foundation_collections-3.2.1-cp314-cp314-win32.whl", hash = "sha256:33188ed2d63e844c8adfbb82d1d3d461d64aaf78d225ce9c5930421b413c45ab", size = 62211, upload-time = "2025-09-20T07:11:52.411Z" },
    { url = "https://files.pythonhosted.org/packages/20/59/5f2c940ff606297129e93ebd6030c813e6a43a786de7fc33ccb268e0b06b/winrt_windows_foundation_collections-3.2.1-cp314-cp314-win_amd64.whl", hash = "sha256:d4cfece7e9c0ead2941e55a1da82f20d2b9c8003bb7a8853bb7f999b539f80a4", size = 70399, upload-time = "2025-09-20T07:11:53.254Z" },
    { url = "https://files.pythonhosted.org/packages/f8/2d/2c8eb89062c71d4be73d618457ed68e7e2ba29a660ac26349d44fc121cbf/winrt_windows_foundation_collections-3.2.1-cp314-cp314-win_arm64.whl", hash = "sha256:3884146fea13727510458f6a14040b7632d5d90127028b9bfd503c6c655d0c01", size = 61392, upload-time = "2025-09-20T07:11:53.993Z" },
]

[[package]]
name = "winrt-windows-storage-streams"
version = "3.2.1"
source = { registry = "https://pypi.org/simple" }
dependencies = [
    { name = "winrt-runtime" },
]
sdist = { url = "https://files.pythonhosted.org/packages/00/50/f4488b07281566e3850fcae1021f0285c9653992f60a915e15567047db63/winrt_windows_storage_streams-3.2.1.tar.gz", hash = "sha256:476f522722751eb0b571bc7802d85a82a3cae8b1cce66061e6e758f525e7b80f", size = 34335, upload-time = "2025-06-06T14:43:23.905Z" }
wheels = [
    { url = "https://files.pythonhosted.org/packages/55/70/2869ea2112c565caace73c9301afd1d7afcc49bdd37fac058f0178ba95d4/winrt_windows_storage_streams-3.2.1-cp314-cp314-win32.whl", hash = "sha256:5cd0dbad86fcc860366f6515fce97177b7eaa7069da261057be4813819ba37ee", size = 131701, upload-time = "2025-09-20T07:17:16.849Z" },
    { url = "https://files.pythonhosted.org/packages/f4/3d/aae50b1d0e37b5a61055759aedd42c6c99d7c17ab8c3e568ab33c0288938/winrt_windows_storage_streams-3.2.1-cp314-cp314-win_amd64.whl", hash = "sha256:3c5bf41d725369b9986e6d64bad7079372b95c329897d684f955d7028c7f27a0", size = 135566, upload-time = "2025-09-20T07:17:17.69Z" },
    { url = "https://files.pythonhosted.org/packages/bb/c3/6d3ce7a58e6c828e0795c9db8790d0593dd7fdf296e513c999150deb98d4/winrt_windows_storage_streams-3.2.1-cp314-cp314-win_arm64.whl", hash = "sha256:293e09825559d0929bbe5de01e1e115f7a6283d8996ab55652e5af365f032987", size = 134393, upload-time = "2025-09-20T07:17:18.802Z" },
]
